<Solution>
  <Folder Name="/src/">
    <Project Path="src/ConfigLens.Api/ConfigLens.Api.csproj" />
    <Project Path="src/ConfigLens.Application/ConfigLens.Application.csproj" />
    <Project Path="src/ConfigLens.Domain/ConfigLens.Domain.csproj" />
    <Project Path="src/ConfigLens.Infrastructure/ConfigLens.Infrastructure.csproj" />
    <Project Path="src/ConfigLens.SampleData/ConfigLens.SampleData.csproj" />
  </Folder>
  <Folder Name="/tests/">
    <Project Path="tests/ConfigLens.Api.Tests/ConfigLens.Api.Tests.csproj" />
    <Project Path="tests/ConfigLens.Application.Tests/ConfigLens.Application.Tests.csproj" />
    <Project Path="tests/ConfigLens.Domain.Tests/ConfigLens.Domain.Tests.csproj" />
    <Project Path="tests/ConfigLens.Infrastructure.Tests/ConfigLens.Infrastructure.Tests.csproj" />
  </Folder>
</Solution>
